// !$*UTF8*$!
{
	archiveVersion = 1;
	classes = {
	};
	objectVersion = 46;
	objects = {

/* Begin PBXBuildFile section */
		FE21745E1E2C966A003B5EA0 /* main.m in Sources */ = {isa = PBXBuildFile; fileRef = FE21745D1E2C966A003B5EA0 /* main.m */; };
		FE2174611E2C966A003B5EA0 /* AppDelegate.m in Sources */ = {isa = PBXBuildFile; fileRef = FE2174601E2C966A003B5EA0 /* AppDelegate.m */; };
		FE2174641E2C966A003B5EA0 /* ViewController.m in Sources */ = {isa = PBXBuildFile; fileRef = FE2174631E2C966A003B5EA0 /* ViewController.m */; };
		FE2174671E2C966A003B5EA0 /* Main.storyboard in Resources */ = {isa = PBXBuildFile; fileRef = FE2174651E2C966A003B5EA0 /* Main.storyboard */; };
		FE2174691E2C966A003B5EA0 /* Assets.xcassets in Resources */ = {isa = PBXBuildFile; fileRef = FE2174681E2C966A003B5EA0 /* Assets.xcassets */; };
		FE21746C1E2C966A003B5EA0 /* LaunchScreen.storyboard in Resources */ = {isa = PBXBuildFile; fileRef = FE21746A1E2C966A003B5EA0 /* LaunchScreen.storyboard */; };
		FE2174781E2C972A003B5EA0 /* NSString+FJMString.m in Sources */ = {isa = PBXBuildFile; fileRef = FE2174771E2C972A003B5EA0 /* NSString+FJMString.m */; };
/* End PBXBuildFile section */

/* Begin PBXFileReference section */
		FE2174591E2C966A003B5EA0 /* FJMaybeHelper.app */ = {isa = PBXFileReference; explicitFileType = wrapper.application; includeInIndex = 0; path = FJMaybeHelper.app; sourceTree = BUILT_PRODUCTS_DIR; };
		FE21745D1E2C966A003B5EA0 /* main.m */ = {isa = PBXFileReference; lastKnownFileType = sourcecode.c.objc; path = main.m; sourceTree = "<group>"; };
		FE21745F1E2C966A003B5EA0 /* AppDelegate.h */ = {isa = PBXFileReference; lastKnownFileType = sourcecode.c.h; path = AppDelegate.h; sourceTree = "<group>"; };
		FE2174601E2C966A003B5EA0 /* AppDelegate.m */ = {isa = PBXFileReference; lastKnownFileType = sourcecode.c.objc; path = AppDelegate.m; sourceTree = "<group>"; };
		FE2174621E2C966A003B5EA0 /* ViewController.h */ = {isa = PBXFileReference; lastKnownFileType = sourcecode.c.h; path = ViewController.h; sourceTree = "<group>"; };
		FE2174631E2C966A003B5EA0 /* ViewController.m */ = {isa = PBXFileReference; lastKnownFileType = sourcecode.c.objc; path = ViewController.m; sourceTree = "<group>"; };
		FE2174661E2C966A003B5EA0 /* Base */ = {isa = PBXFileReference; lastKnownFileType = file.storyboard; name = Base; path = Base.lproj/Main.storyboard; sourceTree = "<group>"; };
		FE2174681E2C966A003B5EA0 /* Assets.xcassets */ = {isa = PBXFileReference; lastKnownFileType = folder.assetcatalog; path = Assets.xcassets; sourceTree = "<group>"; };
		FE21746B1E2C966A003B5EA0 /* Base */ = {isa = PBXFileReference; lastKnownFileType = file.storyboard; name = Base; path = Base.lproj/LaunchScreen.storyboard; sourceTree = "<group>"; };
		FE21746D1E2C966A003B5EA0 /* Info.plist */ = {isa = PBXFileReference; lastKnownFileType = text.plist.xml; path = Info.plist; sourceTree = "<group>"; };
		FE2174761E2C972A003B5EA0 /* NSString+FJMString.h */ = {isa = PBXFileReference; fileEncoding = 4; lastKnownFileType = sourcecode.c.h; path = "NSString+FJMString.h"; sourceTree = "<group>"; };
		FE2174771E2C972A003B5EA0 /* NSString+FJMString.m */ = {isa = PBXFileReference; fileEncoding = 4; lastKnownFileType = sourcecode.c.objc; path = "NSString+FJMString.m"; sourceTree = "<group>"; };
/* End PBXFileReference section */

/* Begin PBXFrameworksBuildPhase section */
		FE2174561E2C966A003B5EA0 /* Frameworks */ = {
			isa = PBXFrameworksBuildPhase;
			buildActionMask = 2147483647;
			files = (
			);
			runOnlyForDeploymentPostprocessing = 0;
		};
/* End PBXFrameworksBuildPhase section */

/* Begin PBXGroup section */
		FE2174501E2C966A003B5EA0 = {
			isa = PBXGroup;
			children = (
				FE2174751E2C972A003B5EA0 /* CategaryFolder */,
				FE21745B1E2C966A003B5EA0 /* FJMaybeHelper */,
				FE21745A1E2C966A003B5EA0 /* Products */,
			);
			sourceTree = "<group>";
		};
		FE21745A1E2C966A003B5EA0 /* Products */ = {
			isa = PBXGroup;
			children = (
				FE2174591E2C966A003B5EA0 /* FJMaybeHelper.app */,
			);
			name = Products;
			sourceTree = "<group>";
		};
		FE21745B1E2C966A003B5EA0 /* FJMaybeHelper */ = {
			isa = PBXGroup;
			children = (
				FE21745F1E2C966A003B5EA0 /* AppDelegate.h */,
				FE2174601E2C966A003B5EA0 /* AppDelegate.m */,
				FE2174621E2C966A003B5EA0 /* ViewController.h */,
				FE2174631E2C966A003B5EA0 /* ViewController.m */,
				FE2174651E2C966A003B5EA0 /* Main.storyboard */,
				FE2174681E2C966A003B5EA0 /* Assets.xcassets */,
				FE21746A1E2C966A003B5EA0 /* LaunchScreen.storyboard */,
				FE21746D1E2C966A003B5EA0 /* Info.plist */,
				FE21745C1E2C966A003B5EA0 /* Supporting Files */,
			);
			path = FJMaybeHelper;
			sourceTree = "<group>";
		};
		FE21745C1E2C966A003B5EA0 /* Supporting Files */ = {
			isa = PBXGroup;
			children = (
				FE21745D1E2C966A003B5EA0 /* main.m */,
			);
			name = "Supporting Files";
			sourceTree = "<group>";
		};
		FE2174751E2C972A003B5EA0 /* CategaryFolder */ = {
			isa = PBXGroup;
			children = (
				FE2174761E2C972A003B5EA0 /* NSString+FJMString.h */,
				FE2174771E2C972A003B5EA0 /* NSString+FJMString.m */,
			);
			name = CategaryFolder;
			path = FJMaybeHelper/CategaryFolder;
			sourceTree = "<group>";
		};
/* End PBXGroup section */

/* Begin PBXNativeTarget section */
		FE2174581E2C966A003B5EA0 /* FJMaybeHelper */ = {
			isa = PBXNativeTarget;
			buildConfigurationList = FE2174701E2C966A003B5EA0 /* Build configuration list for PBXNativeTarget "FJMaybeHelper" */;
			buildPhases = (
				FE2174551E2C966A003B5EA0 /* Sources */,
				FE2174561E2C966A003B5EA0 /* Frameworks */,
				FE2174571E2C966A003B5EA0 /* Resources */,
			);
			buildRules = (
			);
			dependencies = (
			);
			name = FJMaybeHelper;
			productName = FJMaybeHelper;
			productReference = FE2174591E2C966A003B5EA0 /* FJMaybeHelper.app */;
			productType = "com.apple.product-type.application";
		};
/* End PBXNativeTarget section */

/* Begin PBXProject section */
		FE2174511E2C966A003B5EA0 /* Project object */ = {
			isa = PBXProject;
			attributes = {
				LastUpgradeCheck = 0810;
				ORGANIZATIONNAME = Maybe;
				TargetAttributes = {
					FE2174581E2C966A003B5EA0 = {
						CreatedOnToolsVersion = 8.1;
						DevelopmentTeam = B2UESYD2DB;
						ProvisioningStyle = Automatic;
					};
				};
			};
			buildConfigurationList = FE2174541E2C966A003B5EA0 /* Build configuration list for PBXProject "FJMaybeHelper" */;
			compatibilityVersion = "Xcode 3.2";
			developmentRegion = English;
			hasScannedForEncodings = 0;
			knownRegions = (
				en,
				Base,
			);
			mainGroup = FE2174501E2C966A003B5EA0;
			productRefGroup = FE21745A1E2C966A003B5EA0 /* Products */;
			projectDirPath = "";
			projectRoot = "";
			targets = (
				FE2174581E2C966A003B5EA0 /* FJMaybeHelper */,
			);
		};
/* End PBXProject section */

/* Begin PBXResourcesBuildPhase section */
		FE2174571E2C966A003B5EA0 /* Resources */ = {
			isa = PBXResourcesBuildPhase;
			buildActionMask = 2147483647;
			files = (
				FE21746C1E2C966A003B5EA0 /* LaunchScreen.storyboard in Resources */,
				FE2174691E2C966A003B5EA0 /* Assets.xcassets in Resources */,
				FE2174671E2C966A003B5EA0 /* Main.storyboard in Resources */,
			);
			runOnlyForDeploymentPostprocessing = 0;
		};
/* End PBXResourcesBuildPhase section */

/* Begin PBXSourcesBuildPhase section */
		FE2174551E2C966A003B5EA0 /* Sources */ = {
			isa = PBXSourcesBuildPhase;
			buildActionMask = 2147483647;
			files = (
				FE2174781E2C972A003B5EA0 /* NSString+FJMString.m in Sources */,
				FE2174641E2C966A003B5EA0 /* ViewController.m in Sources */,
				FE2174611E2C966A003B5EA0 /* AppDelegate.m in Sources */,
				FE21745E1E2C966A003B5EA0 /* main.m in Sources */,
			);
			runOnlyForDeploymentPostprocessing = 0;
		};
/* End PBXSourcesBuildPhase section */

/* Begin PBXVariantGroup section */
		FE2174651E2C966A003B5EA0 /* Main.storyboard */ = {
			isa = PBXVariantGroup;
			children = (
				FE2174661E2C966A003B5EA0 /* Base */,
			);
			name = Main.storyboard;
			sourceTree = "<group>";
		};
		FE21746A1E2C966A003B5EA0 /* LaunchScreen.storyboard */ = {
			isa = PBXVariantGroup;
			children = (
				FE21746B1E2C966A003B5EA0 /* Base */,
			);
			name = LaunchScreen.storyboard;
			sourceTree = "<group>";
		};
/* End PBXVariantGroup section */

/* Begin XCBuildConfiguration section */
		FE21746E1E2C966A003B5EA0 /* Debug */ = {
			isa = XCBuildConfiguration;
			buildSettings = {
				ALWAYS_SEARCH_USER_PATHS = NO;
				CLANG_ANALYZER_NONNULL = YES;
				CLANG_CXX_LANGUAGE_STANDARD = "gnu++0x";
				CLANG_CXX_LIBRARY = "libc++";
				CLANG_ENABLE_MODULES = YES;
				CLANG_ENABLE_OBJC_ARC = YES;
				CLANG_WARN_BOOL_CONVERSION = YES;
				CLANG_WARN_CONSTANT_CONVERSION = YES;
				CLANG_WARN_DIRECT_OBJC_ISA_USAGE = YES_ERROR;
				CLANG_WARN_DOCUMENTATION_COMMENTS = YES;
				CLANG_WARN_EMPTY_BODY = YES;
				CLANG_WARN_ENUM_CONVERSION = YES;
				CLANG_WARN_INFINITE_RECURSION = YES;
				CLANG_WARN_INT_CONVERSION = YES;
				CLANG_WARN_OBJC_ROOT_CLASS = YES_ERROR;
				CLANG_WARN_SUSPICIOUS_MOVES = YES;
				CLANG_WARN_UNREACHABLE_CODE = YES;
				CLANG_WARN__DUPLICATE_METHOD_MATCH = YES;
				"CODE_SIGN_IDENTITY[sdk=iphoneos*]" = "iPhone Developer";
				COPY_PHASE_STRIP = NO;
				DEBUG_INFORMATION_FORMAT = dwarf;
				ENABLE_STRICT_OBJC_MSGSEND = YES;
				ENABLE_TESTABILITY = YES;
				GCC_C_LANGUAGE_STANDARD = gnu99;
				GCC_DYNAMIC_NO_PIC = NO;
				GCC_NO_COMMON_BLOCKS = YES;
				GCC_OPTIMIZATION_LEVEL = 0;
				GCC_PREPROCESSOR_DEFINITIONS = (
					"DEBUG=1",
					"$(inherited)",
				);
				GCC_WARN_64_TO_32_BIT_CONVERSION = YES;
				GCC_WARN_ABOUT_RETURN_TYPE = YES_ERROR;
				GCC_WARN_UNDECLARED_SELECTOR = YES;
				GCC_WARN_UNINITIALIZED_AUTOS = YES_AGGRESSIVE;
				GCC_WARN_UNUSED_FUNCTION = YES;
				GCC_WARN_UNUSED_VARIABLE = YES;
				IPHONEOS_DEPLOYMENT_TARGET = 10.1;
				MTL_ENABLE_DEBUG_INFO = YES;
				ONLY_ACTIVE_ARCH = YES;
				SDKROOT = iphoneos;
			};
			name = Debug;
		};
		FE21746F1E2C966A003B5EA0 /* Release */ = {
			isa = XCBuildConfiguration;
			buildSettings = {
				ALWAYS_SEARCH_USER_PATHS = NO;
				CLANG_ANALYZER_NONNULL = YES;
				CLANG_CXX_LANGUAGE_STANDARD = "gnu++0x";
				CLANG_CXX_LIBRARY = "libc++";
				CLANG_ENABLE_MODULES = YES;
				CLANG_ENABLE_OBJC_ARC = YES;
				CLANG_WARN_BOOL_CONVERSION = YES;
				CLANG_WARN_CONSTANT_CONVERSION = YES;
				CLANG_WARN_DIRECT_OBJC_ISA_USAGE = YES_ERROR;
				CLANG_WARN_DOCUMENTATION_COMMENTS = YES;
				CLANG_WARN_EMPTY_BODY = YES;
				CLANG_WARN_ENUM_CONVERSION = YES;
				CLANG_WARN_INFINITE_RECURSION = YES;
				CLANG_WARN_INT_CONVERSION = YES;
				CLANG_WARN_OBJC_ROOT_CLASS = YES_ERROR;
				CLANG_WARN_SUSPICIOUS_MOVES = YES;
				CLANG_WARN_UNREACHABLE_CODE = YES;
				CLANG_WARN__DUPLICATE_METHOD_MATCH = YES;
				"CODE_SIGN_IDENTITY[sdk=iphoneos*]" = "iPhone Developer";
				COPY_PHASE_STRIP = NO;
				DEBUG_INFORMATION_FORMAT = "dwarf-with-dsym";
				ENABLE_NS_ASSERTIONS = NO;
				ENABLE_STRICT_OBJC_MSGSEND = YES;
				GCC_C_LANGUAGE_STANDARD = gnu99;
				GCC_NO_COMMON_BLOCKS = YES;
				GCC_WARN_64_TO_32_BIT_CONVERSION = YES;
				GCC_WARN_ABOUT_RETURN_TYPE = YES_ERROR;
				GCC_WARN_UNDECLARED_SELECTOR = YES;
				GCC_WARN_UNINITIALIZED_AUTOS = YES_AGGRESSIVE;
				GCC_WARN_UNUSED_FUNCTION = YES;
				GCC_WARN_UNUSED_VARIABLE = YES;
				IPHONEOS_DEPLOYMENT_TARGET = 10.1;
				MTL_ENABLE_DEBUG_INFO = NO;
				SDKROOT = iphoneos;
				VALIDATE_PRODUCT = YES;
			};
			name = Release;
		};
		FE2174711E2C966A003B5EA0 /* Debug */ = {
			isa = XCBuildConfiguration;
			buildSettings = {
				ASSETCATALOG_COMPILER_APPICON_NAME = AppIcon;
				DEVELOPMENT_TEAM = B2UESYD2DB;
				INFOPLIST_FILE = FJMaybeHelper/Info.plist;
				LD_RUNPATH_SEARCH_PATHS = "$(inherited) @executable_path/Frameworks";
				PRODUCT_BUNDLE_IDENTIFIER = com.FJM.maybe.FJMaybeHelper;
				PRODUCT_NAME = "$(TARGET_NAME)";
			};
			name = Debug;
		};
		FE2174721E2C966A003B5EA0 /* Release */ = {
			isa = XCBuildConfiguration;
			buildSettings = {
				ASSETCATALOG_COMPILER_APPICON_NAME = AppIcon;
				DEVELOPMENT_TEAM = B2UESYD2DB;
				INFOPLIST_FILE = FJMaybeHelper/Info.plist;
				LD_RUNPATH_SEARCH_PATHS = "$(inherited) @executable_path/Frameworks";
				PRODUCT_BUNDLE_IDENTIFIER = com.FJM.maybe.FJMaybeHelper;
				PRODUCT_NAME = "$(TARGET_NAME)";
			};
			name = Release;
		};
/* End XCBuildConfiguration section */

/* Begin XCConfigurationList section */
		FE2174541E2C966A003B5EA0 /* Build configuration list for PBXProject "FJMaybeHelper" */ = {
			isa = XCConfigurationList;
			buildConfigurations = (
				FE21746E1E2C966A003B5EA0 /* Debug */,
				FE21746F1E2C966A003B5EA0 /* Release */,
			);
			defaultConfigurationIsVisible = 0;
			defaultConfigurationName = Release;
		};
		FE2174701E2C966A003B5EA0 /* Build configuration list for PBXNativeTarget "FJMaybeHelper" */ = {
			isa = XCConfigurationList;
			buildConfigurations = (
				FE2174711E2C966A003B5EA0 /* Debug */,
				FE2174721E2C966A003B5EA0 /* Release */,
			);
			defaultConfigurationIsVisible = 0;
			defaultConfigurationName = Release;
		};
/* End XCConfigurationList section */
	};
	rootObject = FE2174511E2C966A003B5EA0 /* Project object */;
}
